
Microsoft Visual Studio Solution File, Format Version 12.00
# Visual Studio Version 16
VisualStudioVersion = 16.0.28902.138
MinimumVisualStudioVersion = 10.0.40219.1
Project("{FAE04EC0-301F-11D3-BF4B-00C04F79EFBC}") = "GDEdit.App", "GDEdit.App\GDEdit.App.csproj", "{97044B30-157F-453B-BB89-089C2CCE14C8}"
EndProject
Project("{FAE04EC0-301F-11D3-BF4B-00C04F79EFBC}") = "GDEdit.Tests", "GDEdit.Tests\GDEdit.Tests.csproj", "{44CF4598-A221-403F-B52F-BF0B193B8498}"
EndProject
Project("{FAE04EC0-301F-11D3-BF4B-00C04F79EFBC}") = "GDEdit.Resources", "GDEdit.Resources\GDEdit.Resources.csproj", "{62DB3CBB-476F-4C1D-B2CA-4E85C59BCF1E}"
EndProject
Global
	GlobalSection(SolutionConfigurationPlatforms) = preSolution
		Debug|Any CPU = Debug|Any CPU
		Release|Any CPU = Release|Any CPU
	EndGlobalSection
	GlobalSection(ProjectConfigurationPlatforms) = postSolution
		{97044B30-157F-453B-BB89-089C2CCE14C8}.Debug|Any CPU.ActiveCfg = Debug|Any CPU
		{97044B30-157F-453B-BB89-089C2CCE14C8}.Debug|Any CPU.Build.0 = Debug|Any CPU
		{97044B30-157F-453B-BB89-089C2CCE14C8}.Release|Any CPU.ActiveCfg = Release|Any CPU
		{97044B30-157F-453B-BB89-089C2CCE14C8}.Release|Any CPU.Build.0 = Release|Any CPU
		{44CF4598-A221-403F-B52F-BF0B193B8498}.Debug|Any CPU.ActiveCfg = Debug|Any CPU
		{44CF4598-A221-403F-B52F-BF0B193B8498}.Debug|Any CPU.Build.0 = Debug|Any CPU
		{44CF4598-A221-403F-B52F-BF0B193B8498}.Release|Any CPU.ActiveCfg = Release|Any CPU
		{44CF4598-A221-403F-B52F-BF0B193B8498}.Release|Any CPU.Build.0 = Release|Any CPU
		{62DB3CBB-476F-4C1D-B2CA-4E85C59BCF1E}.Debug|Any CPU.ActiveCfg = Debug|Any CPU
		{62DB3CBB-476F-4C1D-B2CA-4E85C59BCF1E}.Debug|Any CPU.Build.0 = Debug|Any CPU
		{62DB3CBB-476F-4C1D-B2CA-4E85C59BCF1E}.Release|Any CPU.ActiveCfg = Release|Any CPU
		{62DB3CBB-476F-4C1D-B2CA-4E85C59BCF1E}.Release|Any CPU.Build.0 = Release|Any CPU
	EndGlobalSection
	GlobalSection(SolutionProperties) = preSolution
		HideSolutionNode = FALSE
	EndGlobalSection
	GlobalSection(ExtensibilityGlobals) = postSolution
		SolutionGuid = {D301916F-9BB5-4B25-9675-EAA77427EA83}
	EndGlobalSection
EndGlobal
